
Microsoft Visual Studio Solution File, Format Version 12.00
# Visual Studio Version 17
VisualStudioVersion = 17.5.33424.131
MinimumVisualStudioVersion = 10.0.40219.1
Project("{9A19103F-16F7-4668-BE54-9A1E7A4F7556}") = "MSG00.Translation.UI", "MSG00.Translation.UI\MSG00.Translation.UI\MSG00.Translation.UI.csproj", "{1C90A59A-0E9C-4430-B10B-433222EE7235}"
EndProject
Project("{9A19103F-16F7-4668-BE54-9A1E7A4F7556}") = "MSG00.Translation.UI.Desktop", "MSG00.Translation.UI\MSG00.Translation.UI.Desktop\MSG00.Translation.UI.Desktop.csproj", "{EFA76BA6-E4DC-4184-A9BB-17FB6B6E7843}"
EndProject
Project("{9A19103F-16F7-4668-BE54-9A1E7A4F7556}") = "MSG00.Translation.UI.Browser", "MSG00.Translation.UI\MSG00.Translation.UI.Browser\MSG00.Translation.UI.Browser.csproj", "{050243B1-8359-428D-AB93-882136782258}"
EndProject
Project("{9A19103F-16F7-4668-BE54-9A1E7A4F7556}") = "MSG00.Translation.Infrastructure", "MSG00.Translation.Infrastructure\MSG00.Translation.Infrastructure.csproj", "{FB6D50CA-17F5-4257-B534-9C378C189898}"
EndProject
Project("{9A19103F-16F7-4668-BE54-9A1E7A4F7556}") = "MSG00.Translation.Domain", "MSG00.Translation.Domain\MSG00.Translation.Domain.csproj", "{D5B977D9-C75D-448C-B494-FC32497EEB9F}"
EndProject
Project("{FAE04EC0-301F-11D3-BF4B-00C04F79EFBC}") = "MSG00.Translation.Application", "MSG00.Translation.Application\MSG00.Translation.Application.csproj", "{87297060-C37B-454D-9627-24BA2193B17C}"
EndProject
Global
	GlobalSection(SolutionConfigurationPlatforms) = preSolution
		Debug|Any CPU = Debug|Any CPU
		Release|Any CPU = Release|Any CPU
	EndGlobalSection
	GlobalSection(ProjectConfigurationPlatforms) = postSolution
		{1C90A59A-0E9C-4430-B10B-433222EE7235}.Debug|Any CPU.ActiveCfg = Debug|Any CPU
		{1C90A59A-0E9C-4430-B10B-433222EE7235}.Debug|Any CPU.Build.0 = Debug|Any CPU
		{1C90A59A-0E9C-4430-B10B-433222EE7235}.Release|Any CPU.ActiveCfg = Release|Any CPU
		{1C90A59A-0E9C-4430-B10B-433222EE7235}.Release|Any CPU.Build.0 = Release|Any CPU
		{EFA76BA6-E4DC-4184-A9BB-17FB6B6E7843}.Debug|Any CPU.ActiveCfg = Debug|Any CPU
		{EFA76BA6-E4DC-4184-A9BB-17FB6B6E7843}.Debug|Any CPU.Build.0 = Debug|Any CPU
		{EFA76BA6-E4DC-4184-A9BB-17FB6B6E7843}.Release|Any CPU.ActiveCfg = Release|Any CPU
		{EFA76BA6-E4DC-4184-A9BB-17FB6B6E7843}.Release|Any CPU.Build.0 = Release|Any CPU
		{050243B1-8359-428D-AB93-882136782258}.Debug|Any CPU.ActiveCfg = Debug|Any CPU
		{050243B1-8359-428D-AB93-882136782258}.Debug|Any CPU.Build.0 = Debug|Any CPU
		{050243B1-8359-428D-AB93-882136782258}.Release|Any CPU.ActiveCfg = Release|Any CPU
		{050243B1-8359-428D-AB93-882136782258}.Release|Any CPU.Build.0 = Release|Any CPU
		{FB6D50CA-17F5-4257-B534-9C378C189898}.Debug|Any CPU.ActiveCfg = Debug|Any CPU
		{FB6D50CA-17F5-4257-B534-9C378C189898}.Debug|Any CPU.Build.0 = Debug|Any CPU
		{FB6D50CA-17F5-4257-B534-9C378C189898}.Release|Any CPU.ActiveCfg = Release|Any CPU
		{FB6D50CA-17F5-4257-B534-9C378C189898}.Release|Any CPU.Build.0 = Release|Any CPU
		{D5B977D9-C75D-448C-B494-FC32497EEB9F}.Debug|Any CPU.ActiveCfg = Debug|Any CPU
		{D5B977D9-C75D-448C-B494-FC32497EEB9F}.Debug|Any CPU.Build.0 = Debug|Any CPU
		{D5B977D9-C75D-448C-B494-FC32497EEB9F}.Release|Any CPU.ActiveCfg = Release|Any CPU
		{D5B977D9-C75D-448C-B494-FC32497EEB9F}.Release|Any CPU.Build.0 = Release|Any CPU
		{87297060-C37B-454D-9627-24BA2193B17C}.Debug|Any CPU.ActiveCfg = Debug|Any CPU
		{87297060-C37B-454D-9627-24BA2193B17C}.Debug|Any CPU.Build.0 = Debug|Any CPU
		{87297060-C37B-454D-9627-24BA2193B17C}.Release|Any CPU.ActiveCfg = Release|Any CPU
		{87297060-C37B-454D-9627-24BA2193B17C}.Release|Any CPU.Build.0 = Release|Any CPU
	EndGlobalSection
	GlobalSection(SolutionProperties) = preSolution
		HideSolutionNode = FALSE
	EndGlobalSection
	GlobalSection(ExtensibilityGlobals) = postSolution
		SolutionGuid = {29014BB9-AD9B-4D81-8220-C768B16F4078}
	EndGlobalSection
EndGlobal
